// !$*UTF8*$!
{
	archiveVersion = 1;
	classes = {
	};
	objectVersion = 50;
	objects = {

/* Begin PBXBuildFile section */
		6937335421A2088B00256C39 /* AppDelegate.swift in Sources */ = {isa = PBXBuildFile; fileRef = 6937335321A2088B00256C39 /* AppDelegate.swift */; };
		6937335921A2088B00256C39 /* Main.storyboard in Resources */ = {isa = PBXBuildFile; fileRef = 6937335721A2088B00256C39 /* Main.storyboard */; };
		6937335E21A2088D00256C39 /* Assets.xcassets in Resources */ = {isa = PBXBuildFile; fileRef = 6937335D21A2088D00256C39 /* Assets.xcassets */; };
		6937336121A2088D00256C39 /* LaunchScreen.storyboard in Resources */ = {isa = PBXBuildFile; fileRef = 6937335F21A2088D00256C39 /* LaunchScreen.storyboard */; };
		6937337021A2E82900256C39 /* PromotionTableViewCell.swift in Sources */ = {isa = PBXBuildFile; fileRef = 6937336F21A2E82900256C39 /* PromotionTableViewCell.swift */; };
		6937337321A2E84D00256C39 /* PromotionListViewController.swift in Sources */ = {isa = PBXBuildFile; fileRef = 6937337221A2E84D00256C39 /* PromotionListViewController.swift */; };
		6937337521A2E85A00256C39 /* PromotionViewController.swift in Sources */ = {isa = PBXBuildFile; fileRef = 6937337421A2E85A00256C39 /* PromotionViewController.swift */; };
		6937337721A2E92700256C39 /* Promotion.swift in Sources */ = {isa = PBXBuildFile; fileRef = 6937337621A2E92700256C39 /* Promotion.swift */; };
		6937337921A2EB1300256C39 /* PromocionesFactory.swift in Sources */ = {isa = PBXBuildFile; fileRef = 6937337821A2EB1300256C39 /* PromocionesFactory.swift */; };
/* End PBXBuildFile section */

/* Begin PBXFileReference section */
		6937335021A2088B00256C39 /* Promociones.app */ = {isa = PBXFileReference; explicitFileType = wrapper.application; includeInIndex = 0; path = Promociones.app; sourceTree = BUILT_PRODUCTS_DIR; };
		6937335321A2088B00256C39 /* AppDelegate.swift */ = {isa = PBXFileReference; lastKnownFileType = sourcecode.swift; path = AppDelegate.swift; sourceTree = "<group>"; };
		6937335821A2088B00256C39 /* Base */ = {isa = PBXFileReference; lastKnownFileType = file.storyboard; name = Base; path = Base.lproj/Main.storyboard; sourceTree = "<group>"; };
		6937335D21A2088D00256C39 /* Assets.xcassets */ = {isa = PBXFileReference; lastKnownFileType = folder.assetcatalog; path = Assets.xcassets; sourceTree = "<group>"; };
		6937336021A2088D00256C39 /* Base */ = {isa = PBXFileReference; lastKnownFileType = file.storyboard; name = Base; path = Base.lproj/LaunchScreen.storyboard; sourceTree = "<group>"; };
		6937336221A2088D00256C39 /* Info.plist */ = {isa = PBXFileReference; lastKnownFileType = text.plist.xml; path = Info.plist; sourceTree = "<group>"; };
		6937336F21A2E82900256C39 /* PromotionTableViewCell.swift */ = {isa = PBXFileReference; lastKnownFileType = sourcecode.swift; path = PromotionTableViewCell.swift; sourceTree = "<group>"; };
		6937337221A2E84D00256C39 /* PromotionListViewController.swift */ = {isa = PBXFileReference; lastKnownFileType = sourcecode.swift; path = PromotionListViewController.swift; sourceTree = "<group>"; };
		6937337421A2E85A00256C39 /* PromotionViewController.swift */ = {isa = PBXFileReference; lastKnownFileType = sourcecode.swift; path = PromotionViewController.swift; sourceTree = "<group>"; };
		6937337621A2E92700256C39 /* Promotion.swift */ = {isa = PBXFileReference; lastKnownFileType = sourcecode.swift; path = Promotion.swift; sourceTree = "<group>"; };
		6937337821A2EB1300256C39 /* PromocionesFactory.swift */ = {isa = PBXFileReference; fileEncoding = 4; lastKnownFileType = sourcecode.swift; name = PromocionesFactory.swift; path = ../../../Menu/Menu/PromocionesFactory.swift; sourceTree = "<group>"; };
/* End PBXFileReference section */

/* Begin PBXFrameworksBuildPhase section */
		6937334D21A2088B00256C39 /* Frameworks */ = {
			isa = PBXFrameworksBuildPhase;
			buildActionMask = 2147483647;
			files = (
			);
			runOnlyForDeploymentPostprocessing = 0;
		};
/* End PBXFrameworksBuildPhase section */

/* Begin PBXGroup section */
		6937334721A2088B00256C39 = {
			isa = PBXGroup;
			children = (
				6937335221A2088B00256C39 /* Promociones */,
				6937335121A2088B00256C39 /* Products */,
			);
			sourceTree = "<group>";
		};
		6937335121A2088B00256C39 /* Products */ = {
			isa = PBXGroup;
			children = (
				6937335021A2088B00256C39 /* Promociones.app */,
			);
			name = Products;
			sourceTree = "<group>";
		};
		6937335221A2088B00256C39 /* Promociones */ = {
			isa = PBXGroup;
			children = (
				6937336E21A2E7FB00256C39 /* Factories */,
				6937336D21A2E7E600256C39 /* Model */,
				6937336C21A2E7CD00256C39 /* Recursos */,
				6937336821A2E7A400256C39 /* UI */,
				6937336221A2088D00256C39 /* Info.plist */,
			);
			path = Promociones;
			sourceTree = "<group>";
		};
		6937336821A2E7A400256C39 /* UI */ = {
			isa = PBXGroup;
			children = (
				6937335321A2088B00256C39 /* AppDelegate.swift */,
				6937336B21A2E7C200256C39 /* Storyboards */,
				6937336A21A2E7B900256C39 /* CustomViews */,
				6937336921A2E7AA00256C39 /* ViewControllers */,
			);
			path = UI;
			sourceTree = "<group>";
		};
		6937336921A2E7AA00256C39 /* ViewControllers */ = {
			isa = PBXGroup;
			children = (
				6937337221A2E84D00256C39 /* PromotionListViewController.swift */,
				6937337421A2E85A00256C39 /* PromotionViewController.swift */,
			);
			path = ViewControllers;
			sourceTree = "<group>";
		};
		6937336A21A2E7B900256C39 /* CustomViews */ = {
			isa = PBXGroup;
			children = (
				6937337121A2E82D00256C39 /* TableViewCell */,
			);
			path = CustomViews;
			sourceTree = "<group>";
		};
		6937336B21A2E7C200256C39 /* Storyboards */ = {
			isa = PBXGroup;
			children = (
				6937335721A2088B00256C39 /* Main.storyboard */,
				6937335F21A2088D00256C39 /* LaunchScreen.storyboard */,
			);
			path = Storyboards;
			sourceTree = "<group>";
		};
		6937336C21A2E7CD00256C39 /* Recursos */ = {
			isa = PBXGroup;
			children = (
				6937335D21A2088D00256C39 /* Assets.xcassets */,
			);
			path = Recursos;
			sourceTree = "<group>";
		};
		6937336D21A2E7E600256C39 /* Model */ = {
			isa = PBXGroup;
			children = (
				6937337621A2E92700256C39 /* Promotion.swift */,
			);
			path = Model;
			sourceTree = "<group>";
		};
		6937336E21A2E7FB00256C39 /* Factories */ = {
			isa = PBXGroup;
			children = (
				6937337821A2EB1300256C39 /* PromocionesFactory.swift */,
			);
			path = Factories;
			sourceTree = "<group>";
		};
		6937337121A2E82D00256C39 /* TableViewCell */ = {
			isa = PBXGroup;
			children = (
				6937336F21A2E82900256C39 /* PromotionTableViewCell.swift */,
			);
			path = TableViewCell;
			sourceTree = "<group>";
		};
/* End PBXGroup section */

/* Begin PBXNativeTarget section */
		6937334F21A2088B00256C39 /* Promociones */ = {
			isa = PBXNativeTarget;
			buildConfigurationList = 6937336521A2088D00256C39 /* Build configuration list for PBXNativeTarget "Promociones" */;
			buildPhases = (
				6937334C21A2088B00256C39 /* Sources */,
				6937334D21A2088B00256C39 /* Frameworks */,
				6937334E21A2088B00256C39 /* Resources */,
			);
			buildRules = (
			);
			dependencies = (
			);
			name = Promociones;
			productName = Promociones;
			productReference = 6937335021A2088B00256C39 /* Promociones.app */;
			productType = "com.apple.product-type.application";
		};
/* End PBXNativeTarget section */

/* Begin PBXProject section */
		6937334821A2088B00256C39 /* Project object */ = {
			isa = PBXProject;
			attributes = {
				LastSwiftUpdateCheck = 1010;
				LastUpgradeCheck = 1010;
				ORGANIZATIONNAME = Belatrix;
				TargetAttributes = {
					6937334F21A2088B00256C39 = {
						CreatedOnToolsVersion = 10.1;
					};
				};
			};
			buildConfigurationList = 6937334B21A2088B00256C39 /* Build configuration list for PBXProject "Promociones" */;
			compatibilityVersion = "Xcode 9.3";
			developmentRegion = en;
			hasScannedForEncodings = 0;
			knownRegions = (
				en,
				Base,
			);
			mainGroup = 6937334721A2088B00256C39;
			productRefGroup = 6937335121A2088B00256C39 /* Products */;
			projectDirPath = "";
			projectRoot = "";
			targets = (
				6937334F21A2088B00256C39 /* Promociones */,
			);
		};
/* End PBXProject section */

/* Begin PBXResourcesBuildPhase section */
		6937334E21A2088B00256C39 /* Resources */ = {
			isa = PBXResourcesBuildPhase;
			buildActionMask = 2147483647;
			files = (
				6937336121A2088D00256C39 /* LaunchScreen.storyboard in Resources */,
				6937335E21A2088D00256C39 /* Assets.xcassets in Resources */,
				6937335921A2088B00256C39 /* Main.storyboard in Resources */,
			);
			runOnlyForDeploymentPostprocessing = 0;
		};
/* End PBXResourcesBuildPhase section */

/* Begin PBXSourcesBuildPhase section */
		6937334C21A2088B00256C39 /* Sources */ = {
			isa = PBXSourcesBuildPhase;
			buildActionMask = 2147483647;
			files = (
				6937335421A2088B00256C39 /* AppDelegate.swift in Sources */,
				6937337921A2EB1300256C39 /* PromocionesFactory.swift in Sources */,
				6937337021A2E82900256C39 /* PromotionTableViewCell.swift in Sources */,
				6937337721A2E92700256C39 /* Promotion.swift in Sources */,
				6937337521A2E85A00256C39 /* PromotionViewController.swift in Sources */,
				6937337321A2E84D00256C39 /* PromotionListViewController.swift in Sources */,
			);
			runOnlyForDeploymentPostprocessing = 0;
		};
/* End PBXSourcesBuildPhase section */

/* Begin PBXVariantGroup section */
		6937335721A2088B00256C39 /* Main.storyboard */ = {
			isa = PBXVariantGroup;
			children = (
				6937335821A2088B00256C39 /* Base */,
			);
			name = Main.storyboard;
			sourceTree = "<group>";
		};
		6937335F21A2088D00256C39 /* LaunchScreen.storyboard */ = {
			isa = PBXVariantGroup;
			children = (
				6937336021A2088D00256C39 /* Base */,
			);
			name = LaunchScreen.storyboard;
			sourceTree = "<group>";
		};
/* End PBXVariantGroup section */

/* Begin XCBuildConfiguration section */
		6937336321A2088D00256C39 /* Debug */ = {
			isa = XCBuildConfiguration;
			buildSettings = {
				ALWAYS_SEARCH_USER_PATHS = NO;
				CLANG_ANALYZER_NONNULL = YES;
				CLANG_ANALYZER_NUMBER_OBJECT_CONVERSION = YES_AGGRESSIVE;
				CLANG_CXX_LANGUAGE_STANDARD = "gnu++14";
				CLANG_CXX_LIBRARY = "libc++";
				CLANG_ENABLE_MODULES = YES;
				CLANG_ENABLE_OBJC_ARC = YES;
				CLANG_ENABLE_OBJC_WEAK = YES;
				CLANG_WARN_BLOCK_CAPTURE_AUTORELEASING = YES;
				CLANG_WARN_BOOL_CONVERSION = YES;
				CLANG_WARN_COMMA = YES;
				CLANG_WARN_CONSTANT_CONVERSION = YES;
				CLANG_WARN_DEPRECATED_OBJC_IMPLEMENTATIONS = YES;
				CLANG_WARN_DIRECT_OBJC_ISA_USAGE = YES_ERROR;
				CLANG_WARN_DOCUMENTATION_COMMENTS = YES;
				CLANG_WARN_EMPTY_BODY = YES;
				CLANG_WARN_ENUM_CONVERSION = YES;
				CLANG_WARN_INFINITE_RECURSION = YES;
				CLANG_WARN_INT_CONVERSION = YES;
				CLANG_WARN_NON_LITERAL_NULL_CONVERSION = YES;
				CLANG_WARN_OBJC_IMPLICIT_RETAIN_SELF = YES;
				CLANG_WARN_OBJC_LITERAL_CONVERSION = YES;
				CLANG_WARN_OBJC_ROOT_CLASS = YES_ERROR;
				CLANG_WARN_RANGE_LOOP_ANALYSIS = YES;
				CLANG_WARN_STRICT_PROTOTYPES = YES;
				CLANG_WARN_SUSPICIOUS_MOVE = YES;
				CLANG_WARN_UNGUARDED_AVAILABILITY = YES_AGGRESSIVE;
				CLANG_WARN_UNREACHABLE_CODE = YES;
				CLANG_WARN__DUPLICATE_METHOD_MATCH = YES;
				CODE_SIGN_IDENTITY = "iPhone Developer";
				COPY_PHASE_STRIP = NO;
				DEBUG_INFORMATION_FORMAT = dwarf;
				ENABLE_STRICT_OBJC_MSGSEND = YES;
				ENABLE_TESTABILITY = YES;
				GCC_C_LANGUAGE_STANDARD = gnu11;
				GCC_DYNAMIC_NO_PIC = NO;
				GCC_NO_COMMON_BLOCKS = YES;
				GCC_OPTIMIZATION_LEVEL = 0;
				GCC_PREPROCESSOR_DEFINITIONS = (
					"DEBUG=1",
					"$(inherited)",
				);
				GCC_WARN_64_TO_32_BIT_CONVERSION = YES;
				GCC_WARN_ABOUT_RETURN_TYPE = YES_ERROR;
				GCC_WARN_UNDECLARED_SELECTOR = YES;
				GCC_WARN_UNINITIALIZED_AUTOS = YES_AGGRESSIVE;
				GCC_WARN_UNUSED_FUNCTION = YES;
				GCC_WARN_UNUSED_VARIABLE = YES;
				IPHONEOS_DEPLOYMENT_TARGET = 12.1;
				MTL_ENABLE_DEBUG_INFO = INCLUDE_SOURCE;
				MTL_FAST_MATH = YES;
				ONLY_ACTIVE_ARCH = YES;
				SDKROOT = iphoneos;
				SWIFT_ACTIVE_COMPILATION_CONDITIONS = DEBUG;
				SWIFT_OPTIMIZATION_LEVEL = "-Onone";
			};
			name = Debug;
		};
		6937336421A2088D00256C39 /* Release */ = {
			isa = XCBuildConfiguration;
			buildSettings = {
				ALWAYS_SEARCH_USER_PATHS = NO;
				CLANG_ANALYZER_NONNULL = YES;
				CLANG_ANALYZER_NUMBER_OBJECT_CONVERSION = YES_AGGRESSIVE;
				CLANG_CXX_LANGUAGE_STANDARD = "gnu++14";
				CLANG_CXX_LIBRARY = "libc++";
				CLANG_ENABLE_MODULES = YES;
				CLANG_ENABLE_OBJC_ARC = YES;
				CLANG_ENABLE_OBJC_WEAK = YES;
				CLANG_WARN_BLOCK_CAPTURE_AUTORELEASING = YES;
				CLANG_WARN_BOOL_CONVERSION = YES;
				CLANG_WARN_COMMA = YES;
				CLANG_WARN_CONSTANT_CONVERSION = YES;
				CLANG_WARN_DEPRECATED_OBJC_IMPLEMENTATIONS = YES;
				CLANG_WARN_DIRECT_OBJC_ISA_USAGE = YES_ERROR;
				CLANG_WARN_DOCUMENTATION_COMMENTS = YES;
				CLANG_WARN_EMPTY_BODY = YES;
				CLANG_WARN_ENUM_CONVERSION = YES;
				CLANG_WARN_INFINITE_RECURSION = YES;
				CLANG_WARN_INT_CONVERSION = YES;
				CLANG_WARN_NON_LITERAL_NULL_CONVERSION = YES;
				CLANG_WARN_OBJC_IMPLICIT_RETAIN_SELF = YES;
				CLANG_WARN_OBJC_LITERAL_CONVERSION = YES;
				CLANG_WARN_OBJC_ROOT_CLASS = YES_ERROR;
				CLANG_WARN_RANGE_LOOP_ANALYSIS = YES;
				CLANG_WARN_STRICT_PROTOTYPES = YES;
				CLANG_WARN_SUSPICIOUS_MOVE = YES;
				CLANG_WARN_UNGUARDED_AVAILABILITY = YES_AGGRESSIVE;
				CLANG_WARN_UNREACHABLE_CODE = YES;
				CLANG_WARN__DUPLICATE_METHOD_MATCH = YES;
				CODE_SIGN_IDENTITY = "iPhone Developer";
				COPY_PHASE_STRIP = NO;
				DEBUG_INFORMATION_FORMAT = "dwarf-with-dsym";
				ENABLE_NS_ASSERTIONS = NO;
				ENABLE_STRICT_OBJC_MSGSEND = YES;
				GCC_C_LANGUAGE_STANDARD = gnu11;
				GCC_NO_COMMON_BLOCKS = YES;
				GCC_WARN_64_TO_32_BIT_CONVERSION = YES;
				GCC_WARN_ABOUT_RETURN_TYPE = YES_ERROR;
				GCC_WARN_UNDECLARED_SELECTOR = YES;
				GCC_WARN_UNINITIALIZED_AUTOS = YES_AGGRESSIVE;
				GCC_WARN_UNUSED_FUNCTION = YES;
				GCC_WARN_UNUSED_VARIABLE = YES;
				IPHONEOS_DEPLOYMENT_TARGET = 12.1;
				MTL_ENABLE_DEBUG_INFO = NO;
				MTL_FAST_MATH = YES;
				SDKROOT = iphoneos;
				SWIFT_COMPILATION_MODE = wholemodule;
				SWIFT_OPTIMIZATION_LEVEL = "-O";
				VALIDATE_PRODUCT = YES;
			};
			name = Release;
		};
		6937336621A2088D00256C39 /* Debug */ = {
			isa = XCBuildConfiguration;
			buildSettings = {
				ASSETCATALOG_COMPILER_APPICON_NAME = AppIcon;
				CODE_SIGN_STYLE = Automatic;
				DEVELOPMENT_TEAM = H9MAL9P855;
				INFOPLIST_FILE = Promociones/Info.plist;
				LD_RUNPATH_SEARCH_PATHS = (
					"$(inherited)",
					"@executable_path/Frameworks",
				);
				PRODUCT_BUNDLE_IDENTIFIER = com.belatrix.Promociones;
				PRODUCT_NAME = "$(TARGET_NAME)";
				SWIFT_VERSION = 4.2;
				TARGETED_DEVICE_FAMILY = "1,2";
			};
			name = Debug;
		};
		6937336721A2088D00256C39 /* Release */ = {
			isa = XCBuildConfiguration;
			buildSettings = {
				ASSETCATALOG_COMPILER_APPICON_NAME = AppIcon;
				CODE_SIGN_STYLE = Automatic;
				DEVELOPMENT_TEAM = H9MAL9P855;
				INFOPLIST_FILE = Promociones/Info.plist;
				LD_RUNPATH_SEARCH_PATHS = (
					"$(inherited)",
					"@executable_path/Frameworks",
				);
				PRODUCT_BUNDLE_IDENTIFIER = com.belatrix.Promociones;
				PRODUCT_NAME = "$(TARGET_NAME)";
				SWIFT_VERSION = 4.2;
				TARGETED_DEVICE_FAMILY = "1,2";
			};
			name = Release;
		};
/* End XCBuildConfiguration section */

/* Begin XCConfigurationList section */
		6937334B21A2088B00256C39 /* Build configuration list for PBXProject "Promociones" */ = {
			isa = XCConfigurationList;
			buildConfigurations = (
				6937336321A2088D00256C39 /* Debug */,
				6937336421A2088D00256C39 /* Release */,
			);
			defaultConfigurationIsVisible = 0;
			defaultConfigurationName = Release;
		};
		6937336521A2088D00256C39 /* Build configuration list for PBXNativeTarget "Promociones" */ = {
			isa = XCConfigurationList;
			buildConfigurations = (
				6937336621A2088D00256C39 /* Debug */,
				6937336721A2088D00256C39 /* Release */,
			);
			defaultConfigurationIsVisible = 0;
			defaultConfigurationName = Release;
		};
/* End XCConfigurationList section */
	};
	rootObject = 6937334821A2088B00256C39 /* Project object */;
}
